
Microsoft Visual Studio Solution File, Format Version 12.00
# Visual Studio Version 16
VisualStudioVersion = 16.0.31911.196
MinimumVisualStudioVersion = 10.0.40219.1
Project("{9A19103F-16F7-4668-BE54-9A1E7A4F7556}") = "CodingChallengesTests", "CodingChallengesTests\CodingChallengesTests.csproj", "{C864F460-2FF4-4A2B-B2C4-1BC4A8A53DEE}"
EndProject
Project("{9A19103F-16F7-4668-BE54-9A1E7A4F7556}") = "CodingChallenges", "CodingChallenges\CodingChallenges.csproj", "{AE27FC2F-E039-483F-886D-206727850869}"
EndProject
Global
	GlobalSection(SolutionConfigurationPlatforms) = preSolution
		Debug|Any CPU = Debug|Any CPU
		Release|Any CPU = Release|Any CPU
	EndGlobalSection
	GlobalSection(ProjectConfigurationPlatforms) = postSolution
		{C864F460-2FF4-4A2B-B2C4-1BC4A8A53DEE}.Debug|Any CPU.ActiveCfg = Debug|Any CPU
		{C864F460-2FF4-4A2B-B2C4-1BC4A8A53DEE}.Debug|Any CPU.Build.0 = Debug|Any CPU
		{C864F460-2FF4-4A2B-B2C4-1BC4A8A53DEE}.Release|Any CPU.ActiveCfg = Release|Any CPU
		{C864F460-2FF4-4A2B-B2C4-1BC4A8A53DEE}.Release|Any CPU.Build.0 = Release|Any CPU
		{AE27FC2F-E039-483F-886D-206727850869}.Debug|Any CPU.ActiveCfg = Debug|Any CPU
		{AE27FC2F-E039-483F-886D-206727850869}.Debug|Any CPU.Build.0 = Debug|Any CPU
		{AE27FC2F-E039-483F-886D-206727850869}.Release|Any CPU.ActiveCfg = Release|Any CPU
		{AE27FC2F-E039-483F-886D-206727850869}.Release|Any CPU.Build.0 = Release|Any CPU
	EndGlobalSection
	GlobalSection(SolutionProperties) = preSolution
		HideSolutionNode = FALSE
	EndGlobalSection
	GlobalSection(ExtensibilityGlobals) = postSolution
		SolutionGuid = {B5994201-41FA-41F7-8DC1-ADA8D8631841}
	EndGlobalSection
EndGlobal
